
Microsoft Visual Studio Solution File, Format Version 12.00
# Visual Studio Version 16
VisualStudioVersion = 16.0.30002.166
MinimumVisualStudioVersion = 10.0.40219.1
Project("{FAE04EC0-301F-11D3-BF4B-00C04F79EFBC}") = "AverageDoseInChamberSensitiveVolume", "AverageDoseInChamberSensitiveVolume\AverageDoseInChamberSensitiveVolume.csproj", "{62A7074D-65B6-46FC-A75F-6F90AECC622B}"
EndProject
Project("{FAE04EC0-301F-11D3-BF4B-00C04F79EFBC}") = "VolumeAverage", "VolumeAverage\VolumeAverage.csproj", "{45221AC5-92B7-49A1-960B-BA28B48E19AA}"
EndProject
Global
	GlobalSection(SolutionConfigurationPlatforms) = preSolution
		Debug|Any CPU = Debug|Any CPU
		Release|Any CPU = Release|Any CPU
	EndGlobalSection
	GlobalSection(ProjectConfigurationPlatforms) = postSolution
		{62A7074D-65B6-46FC-A75F-6F90AECC622B}.Debug|Any CPU.ActiveCfg = Debug|Any CPU
		{62A7074D-65B6-46FC-A75F-6F90AECC622B}.Debug|Any CPU.Build.0 = Debug|Any CPU
		{62A7074D-65B6-46FC-A75F-6F90AECC622B}.Release|Any CPU.ActiveCfg = Release|Any CPU
		{62A7074D-65B6-46FC-A75F-6F90AECC622B}.Release|Any CPU.Build.0 = Release|Any CPU
		{45221AC5-92B7-49A1-960B-BA28B48E19AA}.Debug|Any CPU.ActiveCfg = Debug|Any CPU
		{45221AC5-92B7-49A1-960B-BA28B48E19AA}.Debug|Any CPU.Build.0 = Debug|Any CPU
		{45221AC5-92B7-49A1-960B-BA28B48E19AA}.Release|Any CPU.ActiveCfg = Release|Any CPU
		{45221AC5-92B7-49A1-960B-BA28B48E19AA}.Release|Any CPU.Build.0 = Release|Any CPU
	EndGlobalSection
	GlobalSection(SolutionProperties) = preSolution
		HideSolutionNode = FALSE
	EndGlobalSection
	GlobalSection(ExtensibilityGlobals) = postSolution
		SolutionGuid = {BE5028DB-FC48-4469-883D-9D9E05BB2921}
	EndGlobalSection
EndGlobal
